
Microsoft Visual Studio Solution File, Format Version 12.00
# Visual Studio Version 17
VisualStudioVersion = 17.8.34309.116
MinimumVisualStudioVersion = 10.0.40219.1
Project("{FAE04EC0-301F-11D3-BF4B-00C04F79EFBC}") = "MySerialization_project", "MySerialization_project\MySerialization_project.csproj", "{EBB4AC84-1767-4CFE-8A4A-BBA115ED3E59}"
EndProject
Global
	GlobalSection(SolutionConfigurationPlatforms) = preSolution
		Debug|Any CPU = Debug|Any CPU
		Release|Any CPU = Release|Any CPU
	EndGlobalSection
	GlobalSection(ProjectConfigurationPlatforms) = postSolution
		{EBB4AC84-1767-4CFE-8A4A-BBA115ED3E59}.Debug|Any CPU.ActiveCfg = Debug|Any CPU
		{EBB4AC84-1767-4CFE-8A4A-BBA115ED3E59}.Debug|Any CPU.Build.0 = Debug|Any CPU
		{EBB4AC84-1767-4CFE-8A4A-BBA115ED3E59}.Release|Any CPU.ActiveCfg = Release|Any CPU
		{EBB4AC84-1767-4CFE-8A4A-BBA115ED3E59}.Release|Any CPU.Build.0 = Release|Any CPU
	EndGlobalSection
	GlobalSection(SolutionProperties) = preSolution
		HideSolutionNode = FALSE
	EndGlobalSection
	GlobalSection(ExtensibilityGlobals) = postSolution
		SolutionGuid = {87CF5A96-7045-4552-8DC8-05C1005E1418}
	EndGlobalSection
EndGlobal
